
Microsoft Visual Studio Solution File, Format Version 12.00
# Visual Studio Version 16
VisualStudioVersion = 16.0.30717.126
MinimumVisualStudioVersion = 10.0.40219.1
Project("{FAE04EC0-301F-11D3-BF4B-00C04F79EFBC}") = "OOP.Classes", "OOP.Classes\OOP.Classes.csproj", "{8C106909-D222-4B5B-8FB3-3BE499AD1528}"
EndProject
Global
	GlobalSection(SolutionConfigurationPlatforms) = preSolution
		Debug|Any CPU = Debug|Any CPU
		Release|Any CPU = Release|Any CPU
	EndGlobalSection
	GlobalSection(ProjectConfigurationPlatforms) = postSolution
		{8C106909-D222-4B5B-8FB3-3BE499AD1528}.Debug|Any CPU.ActiveCfg = Debug|Any CPU
		{8C106909-D222-4B5B-8FB3-3BE499AD1528}.Debug|Any CPU.Build.0 = Debug|Any CPU
		{8C106909-D222-4B5B-8FB3-3BE499AD1528}.Release|Any CPU.ActiveCfg = Release|Any CPU
		{8C106909-D222-4B5B-8FB3-3BE499AD1528}.Release|Any CPU.Build.0 = Release|Any CPU
	EndGlobalSection
	GlobalSection(SolutionProperties) = preSolution
		HideSolutionNode = FALSE
	EndGlobalSection
	GlobalSection(ExtensibilityGlobals) = postSolution
		SolutionGuid = {23B311D1-AC50-489A-9E28-7F94B09EEB3A}
	EndGlobalSection
EndGlobal
